{
  "name": "example",
  "lockfileVersion": 2,
  "requires": true,
  "packages": {
    "": {
      "dependencies": {
        "motionlink-cli": "file:.."
      }
    },
    "..": {
      "version": "0.1.17",
      "license": "MIT",
      "dependencies": {
        "@notionhq/client": "^0.4.4",
        "axios": "^0.23.0",
        "mustache": "^4.2.0",
        "rimraf": "^3.0.2",
        "save": "^2.4.0"
      },
      "bin": {
        "motionlink": "lib/main.js"
      },
      "devDependencies": {
        "@types/chai": "^4.2.22",
        "@types/mocha": "^9.0.0",
        "@types/mustache": "^4.1.2",
        "chai": "^4.3.4",
        "cross-env": "^7.0.3",
        "mocha": "^9.1.2",
        "prettier": "^2.4.1",
        "ts-node": "^10.2.1",
        "tslint": "^6.1.3",
        "tslint-config-prettier": "^1.18.0",
        "typescript": "^4.4.3"
      }
    },
    "node_modules/motionlink-cli": {
      "resolved": "..",
      "link": true
    }
  },
  "dependencies": {
    "motionlink-cli": {
      "version": "file:..",
      "requires": {
        "@notionhq/client": "^0.4.4",
        "@types/chai": "^4.2.22",
        "@types/mocha": "^9.0.0",
        "@types/mustache": "^4.1.2",
        "axios": "^0.23.0",
        "chai": "^4.3.4",
        "cross-env": "^7.0.3",
        "mocha": "^9.1.2",
        "mustache": "^4.2.0",
        "prettier": "^2.4.1",
        "rimraf": "^3.0.2",
        "save": "^2.4.0",
        "ts-node": "^10.2.1",
        "tslint": "^6.1.3",
        "tslint-config-prettier": "^1.18.0",
        "typescript": "^4.4.3"
      }
    }
  }
}
